
Microsoft Visual Studio Solution File, Format Version 12.00
# Visual Studio 15
VisualStudioVersion = 15.0.28307.757
MinimumVisualStudioVersion = 10.0.40219.1
Project("{8BC9CEB8-8B4A-11D0-8D11-00A0C91BC942}") = "OpenGL", "OpenGL\OpenGL.vcxproj", "{B3784CC4-F659-4D0C-83BB-0CEA09461D94}"
EndProject
Global
	GlobalSection(SolutionConfigurationPlatforms) = preSolution
		Debug|x64 = Debug|x64
		Debug|x86 = Debug|x86
		Release|x64 = Release|x64
		Release|x86 = Release|x86
	EndGlobalSection
	GlobalSection(ProjectConfigurationPlatforms) = postSolution
		{B3784CC4-F659-4D0C-83BB-0CEA09461D94}.Debug|x64.ActiveCfg = Debug|x64
		{B3784CC4-F659-4D0C-83BB-0CEA09461D94}.Debug|x64.Build.0 = Debug|x64
		{B3784CC4-F659-4D0C-83BB-0CEA09461D94}.Debug|x86.ActiveCfg = Debug|x64
		{B3784CC4-F659-4D0C-83BB-0CEA09461D94}.Release|x64.ActiveCfg = Release|x64
		{B3784CC4-F659-4D0C-83BB-0CEA09461D94}.Release|x64.Build.0 = Release|x64
		{B3784CC4-F659-4D0C-83BB-0CEA09461D94}.Release|x86.ActiveCfg = Release|x64
	EndGlobalSection
	GlobalSection(SolutionProperties) = preSolution
		HideSolutionNode = FALSE
	EndGlobalSection
	GlobalSection(ExtensibilityGlobals) = postSolution
		SolutionGuid = {63562810-1287-429C-901B-6E1957306A58}
	EndGlobalSection
EndGlobal
